{
  "name": "ajs-2",
  "version": "1.0.0",
  "lockfileVersion": 1,
  "requires": true,
  "dependencies": {
    "@alexabelyatskaya/ajs": {
      "version": "1.0.0",
      "resolved": "https://npm.pkg.github.com/download/@alexabelyatskaya/ajs/1.0.0/7f98125c9e363990f52ccdc0da5358c1fac0fc5cc4279f1d7a04696b9c86c8cd",
      "integrity": "sha512-ibJg3ZJAWGT2zxcT1NRSSYEuVGnvjh1P2uBNX1Lp/ryPzREpz+vTBfovx2JfnM1+yTHhB9Qsz9rkdly1hy8WDQ=="
    }
  }
}
